
Microsoft Visual Studio Solution File, Format Version 12.00
# Visual Studio Version 16
VisualStudioVersion = 16.0.30611.23
MinimumVisualStudioVersion = 10.0.40219.1
Project("{FAE04EC0-301F-11D3-BF4B-00C04F79EFBC}") = "Kindered.Bowling.Api", "Kindered.Bowling.Api\Kindered.Bowling.Api.csproj", "{A274374D-A572-47F3-BCF4-DF63B55AE1B8}"
EndProject
Project("{FAE04EC0-301F-11D3-BF4B-00C04F79EFBC}") = "Kindered.Bowling.Api.Tests", "Kindered.Bowling.Api.Tests\Kindered.Bowling.Api.Tests.csproj", "{2BDE728E-3AAB-4DDC-A435-D45882E82D25}"
EndProject
Global
	GlobalSection(SolutionConfigurationPlatforms) = preSolution
		Debug|Any CPU = Debug|Any CPU
		Release|Any CPU = Release|Any CPU
	EndGlobalSection
	GlobalSection(ProjectConfigurationPlatforms) = postSolution
		{A274374D-A572-47F3-BCF4-DF63B55AE1B8}.Debug|Any CPU.ActiveCfg = Debug|Any CPU
		{A274374D-A572-47F3-BCF4-DF63B55AE1B8}.Debug|Any CPU.Build.0 = Debug|Any CPU
		{A274374D-A572-47F3-BCF4-DF63B55AE1B8}.Release|Any CPU.ActiveCfg = Release|Any CPU
		{A274374D-A572-47F3-BCF4-DF63B55AE1B8}.Release|Any CPU.Build.0 = Release|Any CPU
		{2BDE728E-3AAB-4DDC-A435-D45882E82D25}.Debug|Any CPU.ActiveCfg = Debug|Any CPU
		{2BDE728E-3AAB-4DDC-A435-D45882E82D25}.Debug|Any CPU.Build.0 = Debug|Any CPU
		{2BDE728E-3AAB-4DDC-A435-D45882E82D25}.Release|Any CPU.ActiveCfg = Release|Any CPU
		{2BDE728E-3AAB-4DDC-A435-D45882E82D25}.Release|Any CPU.Build.0 = Release|Any CPU
	EndGlobalSection
	GlobalSection(SolutionProperties) = preSolution
		HideSolutionNode = FALSE
	EndGlobalSection
	GlobalSection(ExtensibilityGlobals) = postSolution
		SolutionGuid = {24547917-D3F1-493B-87EF-6C82F0BB8615}
	EndGlobalSection
EndGlobal
